// !$*UTF8*$!
{
	archiveVersion = 1;
	classes = {
	};
	objectVersion = 55;
	objects = {

/* Begin PBXBuildFile section */
		28E687DB22D71E33FB5B7C0C /* Pods_iTunesArtists_iTunesArtistsUITests.framework in Frameworks */ = {isa = PBXBuildFile; fileRef = 2C0BB0734F72D567EDC966B8 /* Pods_iTunesArtists_iTunesArtistsUITests.framework */; };
		4E05BD882C1CC971008748BA /* TableViewController.swift in Sources */ = {isa = PBXBuildFile; fileRef = 4E05BD872C1CC971008748BA /* TableViewController.swift */; };
		4E50422D2C1A2DF9009402F2 /* Constant.swift in Sources */ = {isa = PBXBuildFile; fileRef = 4E50422C2C1A2DF9009402F2 /* Constant.swift */; };
		4EB5C57F2C1CD2960045F4D2 /* ViewModel.swift in Sources */ = {isa = PBXBuildFile; fileRef = 4EB5C57E2C1CD2960045F4D2 /* ViewModel.swift */; };
		4ED51E242C1A27E200040532 /* AppDelegate.swift in Sources */ = {isa = PBXBuildFile; fileRef = 4ED51E232C1A27E200040532 /* AppDelegate.swift */; };
		4ED51E262C1A27E200040532 /* SceneDelegate.swift in Sources */ = {isa = PBXBuildFile; fileRef = 4ED51E252C1A27E200040532 /* SceneDelegate.swift */; };
		4ED51E282C1A27E200040532 /* ArtistViewController.swift in Sources */ = {isa = PBXBuildFile; fileRef = 4ED51E272C1A27E200040532 /* ArtistViewController.swift */; };
		4ED51E2B2C1A27E200040532 /* Main.storyboard in Resources */ = {isa = PBXBuildFile; fileRef = 4ED51E292C1A27E200040532 /* Main.storyboard */; };
		4ED51E2D2C1A27E400040532 /* Assets.xcassets in Resources */ = {isa = PBXBuildFile; fileRef = 4ED51E2C2C1A27E400040532 /* Assets.xcassets */; };
		4ED51E302C1A27E400040532 /* LaunchScreen.storyboard in Resources */ = {isa = PBXBuildFile; fileRef = 4ED51E2E2C1A27E400040532 /* LaunchScreen.storyboard */; };
		4ED51E3B2C1A27E500040532 /* iTunesArtistsTests.swift in Sources */ = {isa = PBXBuildFile; fileRef = 4ED51E3A2C1A27E500040532 /* iTunesArtistsTests.swift */; };
		4ED51E452C1A27E500040532 /* iTunesArtistsUITests.swift in Sources */ = {isa = PBXBuildFile; fileRef = 4ED51E442C1A27E500040532 /* iTunesArtistsUITests.swift */; };
		4ED51E472C1A27E500040532 /* iTunesArtistsUITestsLaunchTests.swift in Sources */ = {isa = PBXBuildFile; fileRef = 4ED51E462C1A27E500040532 /* iTunesArtistsUITestsLaunchTests.swift */; };
		4ED51E542C1A28E400040532 /* ArtistTableViewCell.swift in Sources */ = {isa = PBXBuildFile; fileRef = 4ED51E532C1A28E400040532 /* ArtistTableViewCell.swift */; };
		4ED51E562C1A2A1400040532 /* Model.swift in Sources */ = {isa = PBXBuildFile; fileRef = 4ED51E552C1A2A1400040532 /* Model.swift */; };
		4ED51E5F2C1A2C2200040532 /* Network Manager.swift in Sources */ = {isa = PBXBuildFile; fileRef = 4ED51E5E2C1A2C2200040532 /* Network Manager.swift */; };
		CFDC13C20EF0C93D3298C325 /* Pods_iTunesArtistsTests.framework in Frameworks */ = {isa = PBXBuildFile; fileRef = 1F1950F7A302B0BDF647D223 /* Pods_iTunesArtistsTests.framework */; };
		D9AF1E9699EC0A9D36F13C0A /* Pods_iTunesArtists.framework in Frameworks */ = {isa = PBXBuildFile; fileRef = CD41AABA36E84FD3AC3549FF /* Pods_iTunesArtists.framework */; };
/* End PBXBuildFile section */

/* Begin PBXContainerItemProxy section */
		4ED51E372C1A27E500040532 /* PBXContainerItemProxy */ = {
			isa = PBXContainerItemProxy;
			containerPortal = 4ED51E182C1A27E200040532 /* Project object */;
			proxyType = 1;
			remoteGlobalIDString = 4ED51E1F2C1A27E200040532;
			remoteInfo = iTunesArtists;
		};
		4ED51E412C1A27E500040532 /* PBXContainerItemProxy */ = {
			isa = PBXContainerItemProxy;
			containerPortal = 4ED51E182C1A27E200040532 /* Project object */;
			proxyType = 1;
			remoteGlobalIDString = 4ED51E1F2C1A27E200040532;
			remoteInfo = iTunesArtists;
		};
/* End PBXContainerItemProxy section */

/* Begin PBXFileReference section */
		03A35D1BFFC2EA6895E2D89B /* Pods-iTunesArtists-iTunesArtistsUITests.release.xcconfig */ = {isa = PBXFileReference; includeInIndex = 1; lastKnownFileType = text.xcconfig; name = "Pods-iTunesArtists-iTunesArtistsUITests.release.xcconfig"; path = "Target Support Files/Pods-iTunesArtists-iTunesArtistsUITests/Pods-iTunesArtists-iTunesArtistsUITests.release.xcconfig"; sourceTree = "<group>"; };
		0FC7E60F9350BBB27DF370BA /* Pods-iTunesArtistsTests.debug.xcconfig */ = {isa = PBXFileReference; includeInIndex = 1; lastKnownFileType = text.xcconfig; name = "Pods-iTunesArtistsTests.debug.xcconfig"; path = "Target Support Files/Pods-iTunesArtistsTests/Pods-iTunesArtistsTests.debug.xcconfig"; sourceTree = "<group>"; };
		12957C5AA857ECCCF9F20A5E /* Pods-iTunesArtists-iTunesArtistsUITests.debug.xcconfig */ = {isa = PBXFileReference; includeInIndex = 1; lastKnownFileType = text.xcconfig; name = "Pods-iTunesArtists-iTunesArtistsUITests.debug.xcconfig"; path = "Target Support Files/Pods-iTunesArtists-iTunesArtistsUITests/Pods-iTunesArtists-iTunesArtistsUITests.debug.xcconfig"; sourceTree = "<group>"; };
		1F1950F7A302B0BDF647D223 /* Pods_iTunesArtistsTests.framework */ = {isa = PBXFileReference; explicitFileType = wrapper.framework; includeInIndex = 0; path = Pods_iTunesArtistsTests.framework; sourceTree = BUILT_PRODUCTS_DIR; };
		2C0BB0734F72D567EDC966B8 /* Pods_iTunesArtists_iTunesArtistsUITests.framework */ = {isa = PBXFileReference; explicitFileType = wrapper.framework; includeInIndex = 0; path = Pods_iTunesArtists_iTunesArtistsUITests.framework; sourceTree = BUILT_PRODUCTS_DIR; };
		48844223EC4C7EC90AF5C0D3 /* Pods-iTunesArtistsTests.release.xcconfig */ = {isa = PBXFileReference; includeInIndex = 1; lastKnownFileType = text.xcconfig; name = "Pods-iTunesArtistsTests.release.xcconfig"; path = "Target Support Files/Pods-iTunesArtistsTests/Pods-iTunesArtistsTests.release.xcconfig"; sourceTree = "<group>"; };
		4E05BD872C1CC971008748BA /* TableViewController.swift */ = {isa = PBXFileReference; lastKnownFileType = sourcecode.swift; path = TableViewController.swift; sourceTree = "<group>"; };
		4E50422C2C1A2DF9009402F2 /* Constant.swift */ = {isa = PBXFileReference; lastKnownFileType = sourcecode.swift; path = Constant.swift; sourceTree = "<group>"; };
		4EB5C57E2C1CD2960045F4D2 /* ViewModel.swift */ = {isa = PBXFileReference; lastKnownFileType = sourcecode.swift; path = ViewModel.swift; sourceTree = "<group>"; };
		4ED51E202C1A27E200040532 /* iTunesArtists.app */ = {isa = PBXFileReference; explicitFileType = wrapper.application; includeInIndex = 0; path = iTunesArtists.app; sourceTree = BUILT_PRODUCTS_DIR; };
		4ED51E232C1A27E200040532 /* AppDelegate.swift */ = {isa = PBXFileReference; lastKnownFileType = sourcecode.swift; path = AppDelegate.swift; sourceTree = "<group>"; };
		4ED51E252C1A27E200040532 /* SceneDelegate.swift */ = {isa = PBXFileReference; lastKnownFileType = sourcecode.swift; path = SceneDelegate.swift; sourceTree = "<group>"; };
		4ED51E272C1A27E200040532 /* ArtistViewController.swift */ = {isa = PBXFileReference; lastKnownFileType = sourcecode.swift; path = ArtistViewController.swift; sourceTree = "<group>"; };
		4ED51E2A2C1A27E200040532 /* Base */ = {isa = PBXFileReference; lastKnownFileType = file.storyboard; name = Base; path = Base.lproj/Main.storyboard; sourceTree = "<group>"; };
		4ED51E2C2C1A27E400040532 /* Assets.xcassets */ = {isa = PBXFileReference; lastKnownFileType = folder.assetcatalog; path = Assets.xcassets; sourceTree = "<group>"; };
		4ED51E2F2C1A27E400040532 /* Base */ = {isa = PBXFileReference; lastKnownFileType = file.storyboard; name = Base; path = Base.lproj/LaunchScreen.storyboard; sourceTree = "<group>"; };
		4ED51E312C1A27E400040532 /* Info.plist */ = {isa = PBXFileReference; lastKnownFileType = text.plist.xml; path = Info.plist; sourceTree = "<group>"; };
		4ED51E362C1A27E500040532 /* iTunesArtistsTests.xctest */ = {isa = PBXFileReference; explicitFileType = wrapper.cfbundle; includeInIndex = 0; path = iTunesArtistsTests.xctest; sourceTree = BUILT_PRODUCTS_DIR; };
		4ED51E3A2C1A27E500040532 /* iTunesArtistsTests.swift */ = {isa = PBXFileReference; lastKnownFileType = sourcecode.swift; path = iTunesArtistsTests.swift; sourceTree = "<group>"; };
		4ED51E402C1A27E500040532 /* iTunesArtistsUITests.xctest */ = {isa = PBXFileReference; explicitFileType = wrapper.cfbundle; includeInIndex = 0; path = iTunesArtistsUITests.xctest; sourceTree = BUILT_PRODUCTS_DIR; };
		4ED51E442C1A27E500040532 /* iTunesArtistsUITests.swift */ = {isa = PBXFileReference; lastKnownFileType = sourcecode.swift; path = iTunesArtistsUITests.swift; sourceTree = "<group>"; };
		4ED51E462C1A27E500040532 /* iTunesArtistsUITestsLaunchTests.swift */ = {isa = PBXFileReference; lastKnownFileType = sourcecode.swift; path = iTunesArtistsUITestsLaunchTests.swift; sourceTree = "<group>"; };
		4ED51E532C1A28E400040532 /* ArtistTableViewCell.swift */ = {isa = PBXFileReference; lastKnownFileType = sourcecode.swift; path = ArtistTableViewCell.swift; sourceTree = "<group>"; };
		4ED51E552C1A2A1400040532 /* Model.swift */ = {isa = PBXFileReference; lastKnownFileType = sourcecode.swift; path = Model.swift; sourceTree = "<group>"; };
		4ED51E5E2C1A2C2200040532 /* Network Manager.swift */ = {isa = PBXFileReference; lastKnownFileType = sourcecode.swift; path = "Network Manager.swift"; sourceTree = "<group>"; };
		AC648DDBDABDE250A858EACD /* Pods-iTunesArtists.release.xcconfig */ = {isa = PBXFileReference; includeInIndex = 1; lastKnownFileType = text.xcconfig; name = "Pods-iTunesArtists.release.xcconfig"; path = "Target Support Files/Pods-iTunesArtists/Pods-iTunesArtists.release.xcconfig"; sourceTree = "<group>"; };
		CD41AABA36E84FD3AC3549FF /* Pods_iTunesArtists.framework */ = {isa = PBXFileReference; explicitFileType = wrapper.framework; includeInIndex = 0; path = Pods_iTunesArtists.framework; sourceTree = BUILT_PRODUCTS_DIR; };
		DB69AAF1BBD17D4E2427BB77 /* Pods-iTunesArtists.debug.xcconfig */ = {isa = PBXFileReference; includeInIndex = 1; lastKnownFileType = text.xcconfig; name = "Pods-iTunesArtists.debug.xcconfig"; path = "Target Support Files/Pods-iTunesArtists/Pods-iTunesArtists.debug.xcconfig"; sourceTree = "<group>"; };
/* End PBXFileReference section */

/* Begin PBXFrameworksBuildPhase section */
		4ED51E1D2C1A27E200040532 /* Frameworks */ = {
			isa = PBXFrameworksBuildPhase;
			buildActionMask = 2147483647;
			files = (
				D9AF1E9699EC0A9D36F13C0A /* Pods_iTunesArtists.framework in Frameworks */,
			);
			runOnlyForDeploymentPostprocessing = 0;
		};
		4ED51E332C1A27E500040532 /* Frameworks */ = {
			isa = PBXFrameworksBuildPhase;
			buildActionMask = 2147483647;
			files = (
				CFDC13C20EF0C93D3298C325 /* Pods_iTunesArtistsTests.framework in Frameworks */,
			);
			runOnlyForDeploymentPostprocessing = 0;
		};
		4ED51E3D2C1A27E500040532 /* Frameworks */ = {
			isa = PBXFrameworksBuildPhase;
			buildActionMask = 2147483647;
			files = (
				28E687DB22D71E33FB5B7C0C /* Pods_iTunesArtists_iTunesArtistsUITests.framework in Frameworks */,
			);
			runOnlyForDeploymentPostprocessing = 0;
		};
/* End PBXFrameworksBuildPhase section */

/* Begin PBXGroup section */
		40DF35B16E03153BC1522B51 /* Frameworks */ = {
			isa = PBXGroup;
			children = (
				CD41AABA36E84FD3AC3549FF /* Pods_iTunesArtists.framework */,
				2C0BB0734F72D567EDC966B8 /* Pods_iTunesArtists_iTunesArtistsUITests.framework */,
				1F1950F7A302B0BDF647D223 /* Pods_iTunesArtistsTests.framework */,
			);
			name = Frameworks;
			sourceTree = "<group>";
		};
		4E05BD892C1CCE54008748BA /* ViewModel */ = {
			isa = PBXGroup;
			children = (
				4EB5C57E2C1CD2960045F4D2 /* ViewModel.swift */,
			);
			path = ViewModel;
			sourceTree = "<group>";
		};
		4ED51E172C1A27E200040532 = {
			isa = PBXGroup;
			children = (
				4ED51E222C1A27E200040532 /* iTunesArtists */,
				4ED51E392C1A27E500040532 /* iTunesArtistsTests */,
				4ED51E432C1A27E500040532 /* iTunesArtistsUITests */,
				4ED51E212C1A27E200040532 /* Products */,
				F2B895B033ACB9347A93485A /* Pods */,
				40DF35B16E03153BC1522B51 /* Frameworks */,
			);
			sourceTree = "<group>";
		};
		4ED51E212C1A27E200040532 /* Products */ = {
			isa = PBXGroup;
			children = (
				4ED51E202C1A27E200040532 /* iTunesArtists.app */,
				4ED51E362C1A27E500040532 /* iTunesArtistsTests.xctest */,
				4ED51E402C1A27E500040532 /* iTunesArtistsUITests.xctest */,
			);
			name = Products;
			sourceTree = "<group>";
		};
		4ED51E222C1A27E200040532 /* iTunesArtists */ = {
			isa = PBXGroup;
			children = (
				4E05BD892C1CCE54008748BA /* ViewModel */,
				4ED51E592C1A2A7600040532 /* Model */,
				4ED51E5A2C1A2A7C00040532 /* View */,
				4ED51E5B2C1A2A8100040532 /* Controller */,
				4ED51E5D2C1A2BF900040532 /* Network */,
				4ED51E5C2C1A2AA100040532 /* Common */,
				4ED51E232C1A27E200040532 /* AppDelegate.swift */,
				4ED51E252C1A27E200040532 /* SceneDelegate.swift */,
				4ED51E2C2C1A27E400040532 /* Assets.xcassets */,
				4ED51E2E2C1A27E400040532 /* LaunchScreen.storyboard */,
				4ED51E312C1A27E400040532 /* Info.plist */,
			);
			path = iTunesArtists;
			sourceTree = "<group>";
		};
		4ED51E392C1A27E500040532 /* iTunesArtistsTests */ = {
			isa = PBXGroup;
			children = (
				4ED51E3A2C1A27E500040532 /* iTunesArtistsTests.swift */,
			);
			path = iTunesArtistsTests;
			sourceTree = "<group>";
		};
		4ED51E432C1A27E500040532 /* iTunesArtistsUITests */ = {
			isa = PBXGroup;
			children = (
				4ED51E442C1A27E500040532 /* iTunesArtistsUITests.swift */,
				4ED51E462C1A27E500040532 /* iTunesArtistsUITestsLaunchTests.swift */,
			);
			path = iTunesArtistsUITests;
			sourceTree = "<group>";
		};
		4ED51E592C1A2A7600040532 /* Model */ = {
			isa = PBXGroup;
			children = (
				4ED51E552C1A2A1400040532 /* Model.swift */,
			);
			path = Model;
			sourceTree = "<group>";
		};
		4ED51E5A2C1A2A7C00040532 /* View */ = {
			isa = PBXGroup;
			children = (
				4ED51E532C1A28E400040532 /* ArtistTableViewCell.swift */,
				4ED51E292C1A27E200040532 /* Main.storyboard */,
			);
			path = View;
			sourceTree = "<group>";
		};
		4ED51E5B2C1A2A8100040532 /* Controller */ = {
			isa = PBXGroup;
			children = (
				4ED51E272C1A27E200040532 /* ArtistViewController.swift */,
				4E05BD872C1CC971008748BA /* TableViewController.swift */,
			);
			path = Controller;
			sourceTree = "<group>";
		};
		4ED51E5C2C1A2AA100040532 /* Common */ = {
			isa = PBXGroup;
			children = (
				4E50422C2C1A2DF9009402F2 /* Constant.swift */,
			);
			path = Common;
			sourceTree = "<group>";
		};
		4ED51E5D2C1A2BF900040532 /* Network */ = {
			isa = PBXGroup;
			children = (
				4ED51E5E2C1A2C2200040532 /* Network Manager.swift */,
			);
			path = Network;
			sourceTree = "<group>";
		};
		F2B895B033ACB9347A93485A /* Pods */ = {
			isa = PBXGroup;
			children = (
				DB69AAF1BBD17D4E2427BB77 /* Pods-iTunesArtists.debug.xcconfig */,
				AC648DDBDABDE250A858EACD /* Pods-iTunesArtists.release.xcconfig */,
				12957C5AA857ECCCF9F20A5E /* Pods-iTunesArtists-iTunesArtistsUITests.debug.xcconfig */,
				03A35D1BFFC2EA6895E2D89B /* Pods-iTunesArtists-iTunesArtistsUITests.release.xcconfig */,
				0FC7E60F9350BBB27DF370BA /* Pods-iTunesArtistsTests.debug.xcconfig */,
				48844223EC4C7EC90AF5C0D3 /* Pods-iTunesArtistsTests.release.xcconfig */,
			);
			name = Pods;
			path = Pods;
			sourceTree = "<group>";
		};
/* End PBXGroup section */

/* Begin PBXNativeTarget section */
		4ED51E1F2C1A27E200040532 /* iTunesArtists */ = {
			isa = PBXNativeTarget;
			buildConfigurationList = 4ED51E4A2C1A27E500040532 /* Build configuration list for PBXNativeTarget "iTunesArtists" */;
			buildPhases = (
				99F5C7A66FABDBA810CA5C37 /* [CP] Check Pods Manifest.lock */,
				4ED51E1C2C1A27E200040532 /* Sources */,
				4ED51E1D2C1A27E200040532 /* Frameworks */,
				4ED51E1E2C1A27E200040532 /* Resources */,
			);
			buildRules = (
			);
			dependencies = (
			);
			name = iTunesArtists;
			productName = iTunesArtists;
			productReference = 4ED51E202C1A27E200040532 /* iTunesArtists.app */;
			productType = "com.apple.product-type.application";
		};
		4ED51E352C1A27E500040532 /* iTunesArtistsTests */ = {
			isa = PBXNativeTarget;
			buildConfigurationList = 4ED51E4D2C1A27E500040532 /* Build configuration list for PBXNativeTarget "iTunesArtistsTests" */;
			buildPhases = (
				F6E9ADE56A96109B282894BC /* [CP] Check Pods Manifest.lock */,
				4ED51E322C1A27E500040532 /* Sources */,
				4ED51E332C1A27E500040532 /* Frameworks */,
				4ED51E342C1A27E500040532 /* Resources */,
			);
			buildRules = (
			);
			dependencies = (
				4ED51E382C1A27E500040532 /* PBXTargetDependency */,
			);
			name = iTunesArtistsTests;
			productName = iTunesArtistsTests;
			productReference = 4ED51E362C1A27E500040532 /* iTunesArtistsTests.xctest */;
			productType = "com.apple.product-type.bundle.unit-test";
		};
		4ED51E3F2C1A27E500040532 /* iTunesArtistsUITests */ = {
			isa = PBXNativeTarget;
			buildConfigurationList = 4ED51E502C1A27E500040532 /* Build configuration list for PBXNativeTarget "iTunesArtistsUITests" */;
			buildPhases = (
				E07B506165A05EB375590942 /* [CP] Check Pods Manifest.lock */,
				4ED51E3C2C1A27E500040532 /* Sources */,
				4ED51E3D2C1A27E500040532 /* Frameworks */,
				4ED51E3E2C1A27E500040532 /* Resources */,
			);
			buildRules = (
			);
			dependencies = (
				4ED51E422C1A27E500040532 /* PBXTargetDependency */,
			);
			name = iTunesArtistsUITests;
			productName = iTunesArtistsUITests;
			productReference = 4ED51E402C1A27E500040532 /* iTunesArtistsUITests.xctest */;
			productType = "com.apple.product-type.bundle.ui-testing";
		};
/* End PBXNativeTarget section */

/* Begin PBXProject section */
		4ED51E182C1A27E200040532 /* Project object */ = {
			isa = PBXProject;
			attributes = {
				BuildIndependentTargetsInParallel = 1;
				LastSwiftUpdateCheck = 1340;
				LastUpgradeCheck = 1340;
				TargetAttributes = {
					4ED51E1F2C1A27E200040532 = {
						CreatedOnToolsVersion = 13.4.1;
					};
					4ED51E352C1A27E500040532 = {
						CreatedOnToolsVersion = 13.4.1;
						TestTargetID = 4ED51E1F2C1A27E200040532;
					};
					4ED51E3F2C1A27E500040532 = {
						CreatedOnToolsVersion = 13.4.1;
						TestTargetID = 4ED51E1F2C1A27E200040532;
					};
				};
			};
			buildConfigurationList = 4ED51E1B2C1A27E200040532 /* Build configuration list for PBXProject "iTunesArtists" */;
			compatibilityVersion = "Xcode 13.0";
			developmentRegion = en;
			hasScannedForEncodings = 0;
			knownRegions = (
				en,
				Base,
			);
			mainGroup = 4ED51E172C1A27E200040532;
			productRefGroup = 4ED51E212C1A27E200040532 /* Products */;
			projectDirPath = "";
			projectRoot = "";
			targets = (
				4ED51E1F2C1A27E200040532 /* iTunesArtists */,
				4ED51E352C1A27E500040532 /* iTunesArtistsTests */,
				4ED51E3F2C1A27E500040532 /* iTunesArtistsUITests */,
			);
		};
/* End PBXProject section */

/* Begin PBXResourcesBuildPhase section */
		4ED51E1E2C1A27E200040532 /* Resources */ = {
			isa = PBXResourcesBuildPhase;
			buildActionMask = 2147483647;
			files = (
				4ED51E302C1A27E400040532 /* LaunchScreen.storyboard in Resources */,
				4ED51E2D2C1A27E400040532 /* Assets.xcassets in Resources */,
				4ED51E2B2C1A27E200040532 /* Main.storyboard in Resources */,
			);
			runOnlyForDeploymentPostprocessing = 0;
		};
		4ED51E342C1A27E500040532 /* Resources */ = {
			isa = PBXResourcesBuildPhase;
			buildActionMask = 2147483647;
			files = (
			);
			runOnlyForDeploymentPostprocessing = 0;
		};
		4ED51E3E2C1A27E500040532 /* Resources */ = {
			isa = PBXResourcesBuildPhase;
			buildActionMask = 2147483647;
			files = (
			);
			runOnlyForDeploymentPostprocessing = 0;
		};
/* End PBXResourcesBuildPhase section */

/* Begin PBXShellScriptBuildPhase section */
		99F5C7A66FABDBA810CA5C37 /* [CP] Check Pods Manifest.lock */ = {
			isa = PBXShellScriptBuildPhase;
			buildActionMask = 2147483647;
			files = (
			);
			inputFileListPaths = (
			);
			inputPaths = (
				"${PODS_PODFILE_DIR_PATH}/Podfile.lock",
				"${PODS_ROOT}/Manifest.lock",
			);
			name = "[CP] Check Pods Manifest.lock";
			outputFileListPaths = (
			);
			outputPaths = (
				"$(DERIVED_FILE_DIR)/Pods-iTunesArtists-checkManifestLockResult.txt",
			);
			runOnlyForDeploymentPostprocessing = 0;
			shellPath = /bin/sh;
			shellScript = "diff \"${PODS_PODFILE_DIR_PATH}/Podfile.lock\" \"${PODS_ROOT}/Manifest.lock\" > /dev/null\nif [ $? != 0 ] ; then\n    # print error to STDERR\n    echo \"error: The sandbox is not in sync with the Podfile.lock. Run 'pod install' or update your CocoaPods installation.\" >&2\n    exit 1\nfi\n# This output is used by Xcode 'outputs' to avoid re-running this script phase.\necho \"SUCCESS\" > \"${SCRIPT_OUTPUT_FILE_0}\"\n";
			showEnvVarsInLog = 0;
		};
		E07B506165A05EB375590942 /* [CP] Check Pods Manifest.lock */ = {
			isa = PBXShellScriptBuildPhase;
			buildActionMask = 2147483647;
			files = (
			);
			inputFileListPaths = (
			);
			inputPaths = (
				"${PODS_PODFILE_DIR_PATH}/Podfile.lock",
				"${PODS_ROOT}/Manifest.lock",
			);
			name = "[CP] Check Pods Manifest.lock";
			outputFileListPaths = (
			);
			outputPaths = (
				"$(DERIVED_FILE_DIR)/Pods-iTunesArtists-iTunesArtistsUITests-checkManifestLockResult.txt",
			);
			runOnlyForDeploymentPostprocessing = 0;
			shellPath = /bin/sh;
			shellScript = "diff \"${PODS_PODFILE_DIR_PATH}/Podfile.lock\" \"${PODS_ROOT}/Manifest.lock\" > /dev/null\nif [ $? != 0 ] ; then\n    # print error to STDERR\n    echo \"error: The sandbox is not in sync with the Podfile.lock. Run 'pod install' or update your CocoaPods installation.\" >&2\n    exit 1\nfi\n# This output is used by Xcode 'outputs' to avoid re-running this script phase.\necho \"SUCCESS\" > \"${SCRIPT_OUTPUT_FILE_0}\"\n";
			showEnvVarsInLog = 0;
		};
		F6E9ADE56A96109B282894BC /* [CP] Check Pods Manifest.lock */ = {
			isa = PBXShellScriptBuildPhase;
			buildActionMask = 2147483647;
			files = (
			);
			inputFileListPaths = (
			);
			inputPaths = (
				"${PODS_PODFILE_DIR_PATH}/Podfile.lock",
				"${PODS_ROOT}/Manifest.lock",
			);
			name = "[CP] Check Pods Manifest.lock";
			outputFileListPaths = (
			);
			outputPaths = (
				"$(DERIVED_FILE_DIR)/Pods-iTunesArtistsTests-checkManifestLockResult.txt",
			);
			runOnlyForDeploymentPostprocessing = 0;
			shellPath = /bin/sh;
			shellScript = "diff \"${PODS_PODFILE_DIR_PATH}/Podfile.lock\" \"${PODS_ROOT}/Manifest.lock\" > /dev/null\nif [ $? != 0 ] ; then\n    # print error to STDERR\n    echo \"error: The sandbox is not in sync with the Podfile.lock. Run 'pod install' or update your CocoaPods installation.\" >&2\n    exit 1\nfi\n# This output is used by Xcode 'outputs' to avoid re-running this script phase.\necho \"SUCCESS\" > \"${SCRIPT_OUTPUT_FILE_0}\"\n";
			showEnvVarsInLog = 0;
		};
/* End PBXShellScriptBuildPhase section */

/* Begin PBXSourcesBuildPhase section */
		4ED51E1C2C1A27E200040532 /* Sources */ = {
			isa = PBXSourcesBuildPhase;
			buildActionMask = 2147483647;
			files = (
				4E50422D2C1A2DF9009402F2 /* Constant.swift in Sources */,
				4EB5C57F2C1CD2960045F4D2 /* ViewModel.swift in Sources */,
				4ED51E282C1A27E200040532 /* ArtistViewController.swift in Sources */,
				4ED51E242C1A27E200040532 /* AppDelegate.swift in Sources */,
				4E05BD882C1CC971008748BA /* TableViewController.swift in Sources */,
				4ED51E542C1A28E400040532 /* ArtistTableViewCell.swift in Sources */,
				4ED51E562C1A2A1400040532 /* Model.swift in Sources */,
				4ED51E262C1A27E200040532 /* SceneDelegate.swift in Sources */,
				4ED51E5F2C1A2C2200040532 /* Network Manager.swift in Sources */,
			);
			runOnlyForDeploymentPostprocessing = 0;
		};
		4ED51E322C1A27E500040532 /* Sources */ = {
			isa = PBXSourcesBuildPhase;
			buildActionMask = 2147483647;
			files = (
				4ED51E3B2C1A27E500040532 /* iTunesArtistsTests.swift in Sources */,
			);
			runOnlyForDeploymentPostprocessing = 0;
		};
		4ED51E3C2C1A27E500040532 /* Sources */ = {
			isa = PBXSourcesBuildPhase;
			buildActionMask = 2147483647;
			files = (
				4ED51E452C1A27E500040532 /* iTunesArtistsUITests.swift in Sources */,
				4ED51E472C1A27E500040532 /* iTunesArtistsUITestsLaunchTests.swift in Sources */,
			);
			runOnlyForDeploymentPostprocessing = 0;
		};
/* End PBXSourcesBuildPhase section */

/* Begin PBXTargetDependency section */
		4ED51E382C1A27E500040532 /* PBXTargetDependency */ = {
			isa = PBXTargetDependency;
			target = 4ED51E1F2C1A27E200040532 /* iTunesArtists */;
			targetProxy = 4ED51E372C1A27E500040532 /* PBXContainerItemProxy */;
		};
		4ED51E422C1A27E500040532 /* PBXTargetDependency */ = {
			isa = PBXTargetDependency;
			target = 4ED51E1F2C1A27E200040532 /* iTunesArtists */;
			targetProxy = 4ED51E412C1A27E500040532 /* PBXContainerItemProxy */;
		};
/* End PBXTargetDependency section */

/* Begin PBXVariantGroup section */
		4ED51E292C1A27E200040532 /* Main.storyboard */ = {
			isa = PBXVariantGroup;
			children = (
				4ED51E2A2C1A27E200040532 /* Base */,
			);
			name = Main.storyboard;
			sourceTree = "<group>";
		};
		4ED51E2E2C1A27E400040532 /* LaunchScreen.storyboard */ = {
			isa = PBXVariantGroup;
			children = (
				4ED51E2F2C1A27E400040532 /* Base */,
			);
			name = LaunchScreen.storyboard;
			sourceTree = "<group>";
		};
/* End PBXVariantGroup section */

/* Begin XCBuildConfiguration section */
		4ED51E482C1A27E500040532 /* Debug */ = {
			isa = XCBuildConfiguration;
			buildSettings = {
				ALWAYS_SEARCH_USER_PATHS = NO;
				CLANG_ANALYZER_NONNULL = YES;
				CLANG_ANALYZER_NUMBER_OBJECT_CONVERSION = YES_AGGRESSIVE;
				CLANG_CXX_LANGUAGE_STANDARD = "gnu++17";
				CLANG_ENABLE_MODULES = YES;
				CLANG_ENABLE_OBJC_ARC = YES;
				CLANG_ENABLE_OBJC_WEAK = YES;
				CLANG_WARN_BLOCK_CAPTURE_AUTORELEASING = YES;
				CLANG_WARN_BOOL_CONVERSION = YES;
				CLANG_WARN_COMMA = YES;
				CLANG_WARN_CONSTANT_CONVERSION = YES;
				CLANG_WARN_DEPRECATED_OBJC_IMPLEMENTATIONS = YES;
				CLANG_WARN_DIRECT_OBJC_ISA_USAGE = YES_ERROR;
				CLANG_WARN_DOCUMENTATION_COMMENTS = YES;
				CLANG_WARN_EMPTY_BODY = YES;
				CLANG_WARN_ENUM_CONVERSION = YES;
				CLANG_WARN_INFINITE_RECURSION = YES;
				CLANG_WARN_INT_CONVERSION = YES;
				CLANG_WARN_NON_LITERAL_NULL_CONVERSION = YES;
				CLANG_WARN_OBJC_IMPLICIT_RETAIN_SELF = YES;
				CLANG_WARN_OBJC_LITERAL_CONVERSION = YES;
				CLANG_WARN_OBJC_ROOT_CLASS = YES_ERROR;
				CLANG_WARN_QUOTED_INCLUDE_IN_FRAMEWORK_HEADER = YES;
				CLANG_WARN_RANGE_LOOP_ANALYSIS = YES;
				CLANG_WARN_STRICT_PROTOTYPES = YES;
				CLANG_WARN_SUSPICIOUS_MOVE = YES;
				CLANG_WARN_UNGUARDED_AVAILABILITY = YES_AGGRESSIVE;
				CLANG_WARN_UNREACHABLE_CODE = YES;
				CLANG_WARN__DUPLICATE_METHOD_MATCH = YES;
				COPY_PHASE_STRIP = NO;
				DEBUG_INFORMATION_FORMAT = dwarf;
				ENABLE_STRICT_OBJC_MSGSEND = YES;
				ENABLE_TESTABILITY = YES;
				GCC_C_LANGUAGE_STANDARD = gnu11;
				GCC_DYNAMIC_NO_PIC = NO;
				GCC_NO_COMMON_BLOCKS = YES;
				GCC_OPTIMIZATION_LEVEL = 0;
				GCC_PREPROCESSOR_DEFINITIONS = (
					"DEBUG=1",
					"$(inherited)",
				);
				GCC_WARN_64_TO_32_BIT_CONVERSION = YES;
				GCC_WARN_ABOUT_RETURN_TYPE = YES_ERROR;
				GCC_WARN_UNDECLARED_SELECTOR = YES;
				GCC_WARN_UNINITIALIZED_AUTOS = YES_AGGRESSIVE;
				GCC_WARN_UNUSED_FUNCTION = YES;
				GCC_WARN_UNUSED_VARIABLE = YES;
				IPHONEOS_DEPLOYMENT_TARGET = 15.5;
				MTL_ENABLE_DEBUG_INFO = INCLUDE_SOURCE;
				MTL_FAST_MATH = YES;
				ONLY_ACTIVE_ARCH = YES;
				SDKROOT = iphoneos;
				SWIFT_ACTIVE_COMPILATION_CONDITIONS = DEBUG;
				SWIFT_OPTIMIZATION_LEVEL = "-Onone";
			};
			name = Debug;
		};
		4ED51E492C1A27E500040532 /* Release */ = {
			isa = XCBuildConfiguration;
			buildSettings = {
				ALWAYS_SEARCH_USER_PATHS = NO;
				CLANG_ANALYZER_NONNULL = YES;
				CLANG_ANALYZER_NUMBER_OBJECT_CONVERSION = YES_AGGRESSIVE;
				CLANG_CXX_LANGUAGE_STANDARD = "gnu++17";
				CLANG_ENABLE_MODULES = YES;
				CLANG_ENABLE_OBJC_ARC = YES;
				CLANG_ENABLE_OBJC_WEAK = YES;
				CLANG_WARN_BLOCK_CAPTURE_AUTORELEASING = YES;
				CLANG_WARN_BOOL_CONVERSION = YES;
				CLANG_WARN_COMMA = YES;
				CLANG_WARN_CONSTANT_CONVERSION = YES;
				CLANG_WARN_DEPRECATED_OBJC_IMPLEMENTATIONS = YES;
				CLANG_WARN_DIRECT_OBJC_ISA_USAGE = YES_ERROR;
				CLANG_WARN_DOCUMENTATION_COMMENTS = YES;
				CLANG_WARN_EMPTY_BODY = YES;
				CLANG_WARN_ENUM_CONVERSION = YES;
				CLANG_WARN_INFINITE_RECURSION = YES;
				CLANG_WARN_INT_CONVERSION = YES;
				CLANG_WARN_NON_LITERAL_NULL_CONVERSION = YES;
				CLANG_WARN_OBJC_IMPLICIT_RETAIN_SELF = YES;
				CLANG_WARN_OBJC_LITERAL_CONVERSION = YES;
				CLANG_WARN_OBJC_ROOT_CLASS = YES_ERROR;
				CLANG_WARN_QUOTED_INCLUDE_IN_FRAMEWORK_HEADER = YES;
				CLANG_WARN_RANGE_LOOP_ANALYSIS = YES;
				CLANG_WARN_STRICT_PROTOTYPES = YES;
				CLANG_WARN_SUSPICIOUS_MOVE = YES;
				CLANG_WARN_UNGUARDED_AVAILABILITY = YES_AGGRESSIVE;
				CLANG_WARN_UNREACHABLE_CODE = YES;
				CLANG_WARN__DUPLICATE_METHOD_MATCH = YES;
				COPY_PHASE_STRIP = NO;
				DEBUG_INFORMATION_FORMAT = "dwarf-with-dsym";
				ENABLE_NS_ASSERTIONS = NO;
				ENABLE_STRICT_OBJC_MSGSEND = YES;
				GCC_C_LANGUAGE_STANDARD = gnu11;
				GCC_NO_COMMON_BLOCKS = YES;
				GCC_WARN_64_TO_32_BIT_CONVERSION = YES;
				GCC_WARN_ABOUT_RETURN_TYPE = YES_ERROR;
				GCC_WARN_UNDECLARED_SELECTOR = YES;
				GCC_WARN_UNINITIALIZED_AUTOS = YES_AGGRESSIVE;
				GCC_WARN_UNUSED_FUNCTION = YES;
				GCC_WARN_UNUSED_VARIABLE = YES;
				IPHONEOS_DEPLOYMENT_TARGET = 15.5;
				MTL_ENABLE_DEBUG_INFO = NO;
				MTL_FAST_MATH = YES;
				SDKROOT = iphoneos;
				SWIFT_COMPILATION_MODE = wholemodule;
				SWIFT_OPTIMIZATION_LEVEL = "-O";
				VALIDATE_PRODUCT = YES;
			};
			name = Release;
		};
		4ED51E4B2C1A27E500040532 /* Debug */ = {
			isa = XCBuildConfiguration;
			baseConfigurationReference = DB69AAF1BBD17D4E2427BB77 /* Pods-iTunesArtists.debug.xcconfig */;
			buildSettings = {
				ASSETCATALOG_COMPILER_APPICON_NAME = AppIcon;
				ASSETCATALOG_COMPILER_GLOBAL_ACCENT_COLOR_NAME = AccentColor;
				CODE_SIGN_STYLE = Automatic;
				CURRENT_PROJECT_VERSION = 1;
				GENERATE_INFOPLIST_FILE = YES;
				INFOPLIST_FILE = iTunesArtists/Info.plist;
				INFOPLIST_KEY_UIApplicationSupportsIndirectInputEvents = YES;
				INFOPLIST_KEY_UILaunchStoryboardName = LaunchScreen;
				INFOPLIST_KEY_UIMainStoryboardFile = Main;
				INFOPLIST_KEY_UISupportedInterfaceOrientations_iPad = "UIInterfaceOrientationPortrait UIInterfaceOrientationPortraitUpsideDown UIInterfaceOrientationLandscapeLeft UIInterfaceOrientationLandscapeRight";
				INFOPLIST_KEY_UISupportedInterfaceOrientations_iPhone = "UIInterfaceOrientationPortrait UIInterfaceOrientationLandscapeLeft UIInterfaceOrientationLandscapeRight";
				LD_RUNPATH_SEARCH_PATHS = (
					"$(inherited)",
					"@executable_path/Frameworks",
				);
				MARKETING_VERSION = 1.0;
				PRODUCT_BUNDLE_IDENTIFIER = com.sai.development.iTunesArtists;
				PRODUCT_NAME = "$(TARGET_NAME)";
				SWIFT_EMIT_LOC_STRINGS = YES;
				SWIFT_VERSION = 5.0;
				TARGETED_DEVICE_FAMILY = "1,2";
			};
			name = Debug;
		};
		4ED51E4C2C1A27E500040532 /* Release */ = {
			isa = XCBuildConfiguration;
			baseConfigurationReference = AC648DDBDABDE250A858EACD /* Pods-iTunesArtists.release.xcconfig */;
			buildSettings = {
				ASSETCATALOG_COMPILER_APPICON_NAME = AppIcon;
				ASSETCATALOG_COMPILER_GLOBAL_ACCENT_COLOR_NAME = AccentColor;
				CODE_SIGN_STYLE = Automatic;
				CURRENT_PROJECT_VERSION = 1;
				GENERATE_INFOPLIST_FILE = YES;
				INFOPLIST_FILE = iTunesArtists/Info.plist;
				INFOPLIST_KEY_UIApplicationSupportsIndirectInputEvents = YES;
				INFOPLIST_KEY_UILaunchStoryboardName = LaunchScreen;
				INFOPLIST_KEY_UIMainStoryboardFile = Main;
				INFOPLIST_KEY_UISupportedInterfaceOrientations_iPad = "UIInterfaceOrientationPortrait UIInterfaceOrientationPortraitUpsideDown UIInterfaceOrientationLandscapeLeft UIInterfaceOrientationLandscapeRight";
				INFOPLIST_KEY_UISupportedInterfaceOrientations_iPhone = "UIInterfaceOrientationPortrait UIInterfaceOrientationLandscapeLeft UIInterfaceOrientationLandscapeRight";
				LD_RUNPATH_SEARCH_PATHS = (
					"$(inherited)",
					"@executable_path/Frameworks",
				);
				MARKETING_VERSION = 1.0;
				PRODUCT_BUNDLE_IDENTIFIER = com.sai.development.iTunesArtists;
				PRODUCT_NAME = "$(TARGET_NAME)";
				SWIFT_EMIT_LOC_STRINGS = YES;
				SWIFT_VERSION = 5.0;
				TARGETED_DEVICE_FAMILY = "1,2";
			};
			name = Release;
		};
		4ED51E4E2C1A27E500040532 /* Debug */ = {
			isa = XCBuildConfiguration;
			baseConfigurationReference = 0FC7E60F9350BBB27DF370BA /* Pods-iTunesArtistsTests.debug.xcconfig */;
			buildSettings = {
				ALWAYS_EMBED_SWIFT_STANDARD_LIBRARIES = YES;
				BUNDLE_LOADER = "$(TEST_HOST)";
				CODE_SIGN_STYLE = Automatic;
				CURRENT_PROJECT_VERSION = 1;
				GENERATE_INFOPLIST_FILE = YES;
				IPHONEOS_DEPLOYMENT_TARGET = 15.5;
				MARKETING_VERSION = 1.0;
				PRODUCT_BUNDLE_IDENTIFIER = com.sai.development.iTunesArtistsTests;
				PRODUCT_NAME = "$(TARGET_NAME)";
				SWIFT_EMIT_LOC_STRINGS = NO;
				SWIFT_VERSION = 5.0;
				TARGETED_DEVICE_FAMILY = "1,2";
				TEST_HOST = "$(BUILT_PRODUCTS_DIR)/iTunesArtists.app/iTunesArtists";
			};
			name = Debug;
		};
		4ED51E4F2C1A27E500040532 /* Release */ = {
			isa = XCBuildConfiguration;
			baseConfigurationReference = 48844223EC4C7EC90AF5C0D3 /* Pods-iTunesArtistsTests.release.xcconfig */;
			buildSettings = {
				ALWAYS_EMBED_SWIFT_STANDARD_LIBRARIES = YES;
				BUNDLE_LOADER = "$(TEST_HOST)";
				CODE_SIGN_STYLE = Automatic;
				CURRENT_PROJECT_VERSION = 1;
				GENERATE_INFOPLIST_FILE = YES;
				IPHONEOS_DEPLOYMENT_TARGET = 15.5;
				MARKETING_VERSION = 1.0;
				PRODUCT_BUNDLE_IDENTIFIER = com.sai.development.iTunesArtistsTests;
				PRODUCT_NAME = "$(TARGET_NAME)";
				SWIFT_EMIT_LOC_STRINGS = NO;
				SWIFT_VERSION = 5.0;
				TARGETED_DEVICE_FAMILY = "1,2";
				TEST_HOST = "$(BUILT_PRODUCTS_DIR)/iTunesArtists.app/iTunesArtists";
			};
			name = Release;
		};
		4ED51E512C1A27E500040532 /* Debug */ = {
			isa = XCBuildConfiguration;
			baseConfigurationReference = 12957C5AA857ECCCF9F20A5E /* Pods-iTunesArtists-iTunesArtistsUITests.debug.xcconfig */;
			buildSettings = {
				ALWAYS_EMBED_SWIFT_STANDARD_LIBRARIES = YES;
				CODE_SIGN_STYLE = Automatic;
				CURRENT_PROJECT_VERSION = 1;
				GENERATE_INFOPLIST_FILE = YES;
				MARKETING_VERSION = 1.0;
				PRODUCT_BUNDLE_IDENTIFIER = com.sai.development.iTunesArtistsUITests;
				PRODUCT_NAME = "$(TARGET_NAME)";
				SWIFT_EMIT_LOC_STRINGS = NO;
				SWIFT_VERSION = 5.0;
				TARGETED_DEVICE_FAMILY = "1,2";
				TEST_TARGET_NAME = iTunesArtists;
			};
			name = Debug;
		};
		4ED51E522C1A27E500040532 /* Release */ = {
			isa = XCBuildConfiguration;
			baseConfigurationReference = 03A35D1BFFC2EA6895E2D89B /* Pods-iTunesArtists-iTunesArtistsUITests.release.xcconfig */;
			buildSettings = {
				ALWAYS_EMBED_SWIFT_STANDARD_LIBRARIES = YES;
				CODE_SIGN_STYLE = Automatic;
				CURRENT_PROJECT_VERSION = 1;
				GENERATE_INFOPLIST_FILE = YES;
				MARKETING_VERSION = 1.0;
				PRODUCT_BUNDLE_IDENTIFIER = com.sai.development.iTunesArtistsUITests;
				PRODUCT_NAME = "$(TARGET_NAME)";
				SWIFT_EMIT_LOC_STRINGS = NO;
				SWIFT_VERSION = 5.0;
				TARGETED_DEVICE_FAMILY = "1,2";
				TEST_TARGET_NAME = iTunesArtists;
			};
			name = Release;
		};
/* End XCBuildConfiguration section */

/* Begin XCConfigurationList section */
		4ED51E1B2C1A27E200040532 /* Build configuration list for PBXProject "iTunesArtists" */ = {
			isa = XCConfigurationList;
			buildConfigurations = (
				4ED51E482C1A27E500040532 /* Debug */,
				4ED51E492C1A27E500040532 /* Release */,
			);
			defaultConfigurationIsVisible = 0;
			defaultConfigurationName = Release;
		};
		4ED51E4A2C1A27E500040532 /* Build configuration list for PBXNativeTarget "iTunesArtists" */ = {
			isa = XCConfigurationList;
			buildConfigurations = (
				4ED51E4B2C1A27E500040532 /* Debug */,
				4ED51E4C2C1A27E500040532 /* Release */,
			);
			defaultConfigurationIsVisible = 0;
			defaultConfigurationName = Release;
		};
		4ED51E4D2C1A27E500040532 /* Build configuration list for PBXNativeTarget "iTunesArtistsTests" */ = {
			isa = XCConfigurationList;
			buildConfigurations = (
				4ED51E4E2C1A27E500040532 /* Debug */,
				4ED51E4F2C1A27E500040532 /* Release */,
			);
			defaultConfigurationIsVisible = 0;
			defaultConfigurationName = Release;
		};
		4ED51E502C1A27E500040532 /* Build configuration list for PBXNativeTarget "iTunesArtistsUITests" */ = {
			isa = XCConfigurationList;
			buildConfigurations = (
				4ED51E512C1A27E500040532 /* Debug */,
				4ED51E522C1A27E500040532 /* Release */,
			);
			defaultConfigurationIsVisible = 0;
			defaultConfigurationName = Release;
		};
/* End XCConfigurationList section */
	};
	rootObject = 4ED51E182C1A27E200040532 /* Project object */;
}
